{
  "name": "webix",
  "version": "0.8.0",
  "lockfileVersion": 3,
  "requires": true,
  "packages": {
    "": {
      "name": "webix",
      "version": "0.8.0",
      "license": "MIT",
      "bin": {
        "xos": "bin/xos.mjs"
      },
      "engines": {
        "node": ">=18"
      }
    }
  }
}
