{
  "name": "webix",
  "version": "0.6.0",
  "lockfileVersion": 3,
  "requires": true,
  "packages": {
    "": {
      "name": "webix",
      "version": "0.6.0",
      "license": "MIT",
      "dependencies": {
        "xstate": "^5.18.0"
      },
      "bin": {
        "xos": "bin/xos.mjs"
      },
      "engines": {
        "node": ">=18"
      }
    },
    "node_modules/xstate": {
      "version": "5.31.0",
      "resolved": "https://registry.npmjs.org/xstate/-/xstate-5.31.0.tgz",
      "integrity": "sha512-5B+0DqC0uNUrcLUEY3pn3iNy+swvK2E0ZpYp5gnV3oxMX5y87vzXkU5YXv9CAtyG5c5FOJ1SzvTWHrwE8fMZNQ==",
      "license": "MIT",
      "funding": {
        "type": "opencollective",
        "url": "https://opencollective.com/xstate"
      }
    }
  }
}
